
Microsoft Visual Studio Solution File, Format Version 12.00
# Visual Studio Version 17
VisualStudioVersion = 17.3.32825.248
MinimumVisualStudioVersion = 10.0.40219.1
Project("{9A19103F-16F7-4668-BE54-9A1E7A4F7556}") = "BlazorApp.ServerApp.Web", "BlazorApp.ServerApp.Web\BlazorApp.ServerApp.Web.csproj", "{F9F37084-FC8A-477C-9468-0934094F781B}"
EndProject
Project("{9A19103F-16F7-4668-BE54-9A1E7A4F7556}") = "BlazorApp.WebAssembly.Web", "BlazorApp.WebAssembly.Web\BlazorApp.WebAssembly.Web.csproj", "{5AC4228F-59F6-4273-BDC8-D882A80EEFE4}"
EndProject
Project("{FAE04EC0-301F-11D3-BF4B-00C04F79EFBC}") = "BlazorApp.Models", "BlazorApp.Models\BlazorApp.Models.csproj", "{F78F278E-7FF7-4770-A9A5-9A17D2474792}"
EndProject
Global
	GlobalSection(SolutionConfigurationPlatforms) = preSolution
		Debug|Any CPU = Debug|Any CPU
		Release|Any CPU = Release|Any CPU
	EndGlobalSection
	GlobalSection(ProjectConfigurationPlatforms) = postSolution
		{F9F37084-FC8A-477C-9468-0934094F781B}.Debug|Any CPU.ActiveCfg = Debug|Any CPU
		{F9F37084-FC8A-477C-9468-0934094F781B}.Debug|Any CPU.Build.0 = Debug|Any CPU
		{F9F37084-FC8A-477C-9468-0934094F781B}.Release|Any CPU.ActiveCfg = Release|Any CPU
		{F9F37084-FC8A-477C-9468-0934094F781B}.Release|Any CPU.Build.0 = Release|Any CPU
		{5AC4228F-59F6-4273-BDC8-D882A80EEFE4}.Debug|Any CPU.ActiveCfg = Debug|Any CPU
		{5AC4228F-59F6-4273-BDC8-D882A80EEFE4}.Debug|Any CPU.Build.0 = Debug|Any CPU
		{5AC4228F-59F6-4273-BDC8-D882A80EEFE4}.Release|Any CPU.ActiveCfg = Release|Any CPU
		{5AC4228F-59F6-4273-BDC8-D882A80EEFE4}.Release|Any CPU.Build.0 = Release|Any CPU
		{F78F278E-7FF7-4770-A9A5-9A17D2474792}.Debug|Any CPU.ActiveCfg = Debug|Any CPU
		{F78F278E-7FF7-4770-A9A5-9A17D2474792}.Debug|Any CPU.Build.0 = Debug|Any CPU
		{F78F278E-7FF7-4770-A9A5-9A17D2474792}.Release|Any CPU.ActiveCfg = Release|Any CPU
		{F78F278E-7FF7-4770-A9A5-9A17D2474792}.Release|Any CPU.Build.0 = Release|Any CPU
	EndGlobalSection
	GlobalSection(SolutionProperties) = preSolution
		HideSolutionNode = FALSE
	EndGlobalSection
	GlobalSection(ExtensibilityGlobals) = postSolution
		SolutionGuid = {38D2D7E3-4786-44A2-83B9-A25C9E67B38F}
	EndGlobalSection
EndGlobal
